
Microsoft Visual Studio Solution File, Format Version 12.00
# Visual Studio Version 17
VisualStudioVersion = 17.0.31903.59
MinimumVisualStudioVersion = 10.0.40219.1
Project("{FAE04EC0-301F-11D3-BF4B-00C04F79EFBC}") = "CandidateCreatedEventHandler.LambdaConsole", "CandidateCreatedEventHandler.LambdaConsole\CandidateCreatedEventHandler.LambdaConsole.csproj", "{9E2B8656-5DEF-4E67-819E-7E656705166E}"
EndProject
Project("{FAE04EC0-301F-11D3-BF4B-00C04F79EFBC}") = "CandidateCreatedEventHandler.LambdaConsole.Test", "CandidateCreatedEventHandler.LambdaConsole.Test\CandidateCreatedEventHandler.LambdaConsole.Test.csproj", "{ACF78368-B0F5-4BCC-AE80-C3FBEE3CDF4D}"
EndProject
Global
	GlobalSection(SolutionConfigurationPlatforms) = preSolution
		Debug|Any CPU = Debug|Any CPU
		Release|Any CPU = Release|Any CPU
	EndGlobalSection
	GlobalSection(SolutionProperties) = preSolution
		HideSolutionNode = FALSE
	EndGlobalSection
	GlobalSection(ProjectConfigurationPlatforms) = postSolution
		{9E2B8656-5DEF-4E67-819E-7E656705166E}.Debug|Any CPU.ActiveCfg = Debug|Any CPU
		{9E2B8656-5DEF-4E67-819E-7E656705166E}.Debug|Any CPU.Build.0 = Debug|Any CPU
		{9E2B8656-5DEF-4E67-819E-7E656705166E}.Release|Any CPU.ActiveCfg = Release|Any CPU
		{9E2B8656-5DEF-4E67-819E-7E656705166E}.Release|Any CPU.Build.0 = Release|Any CPU
		{ACF78368-B0F5-4BCC-AE80-C3FBEE3CDF4D}.Debug|Any CPU.ActiveCfg = Debug|Any CPU
		{ACF78368-B0F5-4BCC-AE80-C3FBEE3CDF4D}.Debug|Any CPU.Build.0 = Debug|Any CPU
		{ACF78368-B0F5-4BCC-AE80-C3FBEE3CDF4D}.Release|Any CPU.ActiveCfg = Release|Any CPU
		{ACF78368-B0F5-4BCC-AE80-C3FBEE3CDF4D}.Release|Any CPU.Build.0 = Release|Any CPU
	EndGlobalSection
EndGlobal
